
Microsoft Visual Studio Solution File, Format Version 12.00
# Visual Studio 15
VisualStudioVersion = 15.0.28307.271
MinimumVisualStudioVersion = 10.0.40219.1
Project("{FAE04EC0-301F-11D3-BF4B-00C04F79EFBC}") = "MvcMovie", "MvcMovie\MvcMovie.csproj", "{4F4DDB0E-0CD8-4D69-9F58-1AA8EDEFCF76}"
EndProject
Global
	GlobalSection(SolutionConfigurationPlatforms) = preSolution
		Debug|Any CPU = Debug|Any CPU
		Release|Any CPU = Release|Any CPU
	EndGlobalSection
	GlobalSection(ProjectConfigurationPlatforms) = postSolution
		{4F4DDB0E-0CD8-4D69-9F58-1AA8EDEFCF76}.Debug|Any CPU.ActiveCfg = Debug|Any CPU
		{4F4DDB0E-0CD8-4D69-9F58-1AA8EDEFCF76}.Debug|Any CPU.Build.0 = Debug|Any CPU
		{4F4DDB0E-0CD8-4D69-9F58-1AA8EDEFCF76}.Release|Any CPU.ActiveCfg = Release|Any CPU
		{4F4DDB0E-0CD8-4D69-9F58-1AA8EDEFCF76}.Release|Any CPU.Build.0 = Release|Any CPU
	EndGlobalSection
	GlobalSection(SolutionProperties) = preSolution
		HideSolutionNode = FALSE
	EndGlobalSection
	GlobalSection(ExtensibilityGlobals) = postSolution
		SolutionGuid = {09E150F3-D7AA-42C0-AADB-338DF22BB03C}
	EndGlobalSection
EndGlobal
